
Microsoft Visual Studio Solution File, Format Version 12.00
# Visual Studio Version 16
VisualStudioVersion = 16.0.31624.102
MinimumVisualStudioVersion = 10.0.40219.1
Project("{FAE04EC0-301F-11D3-BF4B-00C04F79EFBC}") = "ACME Cars", "ACME Cars\ACME Cars.csproj", "{40F403F8-52D9-47CA-966B-FF51EEBC399E}"
EndProject
Global
	GlobalSection(SolutionConfigurationPlatforms) = preSolution
		Debug|Any CPU = Debug|Any CPU
		Release|Any CPU = Release|Any CPU
	EndGlobalSection
	GlobalSection(ProjectConfigurationPlatforms) = postSolution
		{40F403F8-52D9-47CA-966B-FF51EEBC399E}.Debug|Any CPU.ActiveCfg = Debug|Any CPU
		{40F403F8-52D9-47CA-966B-FF51EEBC399E}.Debug|Any CPU.Build.0 = Debug|Any CPU
		{40F403F8-52D9-47CA-966B-FF51EEBC399E}.Release|Any CPU.ActiveCfg = Release|Any CPU
		{40F403F8-52D9-47CA-966B-FF51EEBC399E}.Release|Any CPU.Build.0 = Release|Any CPU
	EndGlobalSection
	GlobalSection(SolutionProperties) = preSolution
		HideSolutionNode = FALSE
	EndGlobalSection
	GlobalSection(ExtensibilityGlobals) = postSolution
		SolutionGuid = {8F8AEEDB-F3B7-4203-B9B7-21DE8BE90313}
	EndGlobalSection
EndGlobal
